
Microsoft Visual Studio Solution File, Format Version 12.00
# Visual Studio Version 17
VisualStudioVersion = 17.9.34902.65
MinimumVisualStudioVersion = 10.0.40219.1
Project("{9A19103F-16F7-4668-BE54-9A1E7A4F7556}") = "GymManagementSystem", "GymManagementSystem\GymManagementSystem.csproj", "{7FEF9609-B8B4-49DE-835B-FFC11EA002CB}"
EndProject
Global
	GlobalSection(SolutionConfigurationPlatforms) = preSolution
		Debug|Any CPU = Debug|Any CPU
		Release|Any CPU = Release|Any CPU
	EndGlobalSection
	GlobalSection(ProjectConfigurationPlatforms) = postSolution
		{7FEF9609-B8B4-49DE-835B-FFC11EA002CB}.Debug|Any CPU.ActiveCfg = Debug|Any CPU
		{7FEF9609-B8B4-49DE-835B-FFC11EA002CB}.Debug|Any CPU.Build.0 = Debug|Any CPU
		{7FEF9609-B8B4-49DE-835B-FFC11EA002CB}.Release|Any CPU.ActiveCfg = Release|Any CPU
		{7FEF9609-B8B4-49DE-835B-FFC11EA002CB}.Release|Any CPU.Build.0 = Release|Any CPU
	EndGlobalSection
	GlobalSection(SolutionProperties) = preSolution
		HideSolutionNode = FALSE
	EndGlobalSection
	GlobalSection(ExtensibilityGlobals) = postSolution
		SolutionGuid = {63FB7335-8322-4ABB-B0C5-22F1217952AD}
	EndGlobalSection
EndGlobal
